
Microsoft Visual Studio Solution File, Format Version 12.00
# Visual Studio 15
VisualStudioVersion = 15.0.26124.0
MinimumVisualStudioVersion = 15.0.26124.0
Project("{9A19103F-16F7-4668-BE54-9A1E7A4F7556}") = "SearchEngine.ConsoleTest", "SearchEngine.ConsoleTest\SearchEngine.ConsoleTest.csproj", "{72C9C160-1057-4986-926F-D7159F4BF485}"
EndProject
Project("{9A19103F-16F7-4668-BE54-9A1E7A4F7556}") = "SearchEngine.Indexer", "SearchEngine.Indexer\SearchEngine.Indexer.csproj", "{2BD48F84-A784-480A-96F1-2BCF718BD93A}"
EndProject
Project("{9A19103F-16F7-4668-BE54-9A1E7A4F7556}") = "SearchEngine.Tests", "SearchEngine.Tests\SearchEngine.Tests.csproj", "{C8CA34EB-DBFB-4B20-841B-8B224FB0AD60}"
EndProject
Project("{FAE04EC0-301F-11D3-BF4B-00C04F79EFBC}") = "SearchEngine.UI", "SearchEngine.UI\SearchEngine.UI.csproj", "{89092AE5-E08B-4F7D-BA3D-5D7A644BDD02}"
EndProject
Global
	GlobalSection(SolutionConfigurationPlatforms) = preSolution
		Debug|Any CPU = Debug|Any CPU
		Debug|x64 = Debug|x64
		Debug|x86 = Debug|x86
		Release|Any CPU = Release|Any CPU
		Release|x64 = Release|x64
		Release|x86 = Release|x86
	EndGlobalSection
	GlobalSection(ProjectConfigurationPlatforms) = postSolution
		{72C9C160-1057-4986-926F-D7159F4BF485}.Debug|Any CPU.ActiveCfg = Debug|Any CPU
		{72C9C160-1057-4986-926F-D7159F4BF485}.Debug|Any CPU.Build.0 = Debug|Any CPU
		{72C9C160-1057-4986-926F-D7159F4BF485}.Debug|x64.ActiveCfg = Debug|Any CPU
		{72C9C160-1057-4986-926F-D7159F4BF485}.Debug|x64.Build.0 = Debug|Any CPU
		{72C9C160-1057-4986-926F-D7159F4BF485}.Debug|x86.ActiveCfg = Debug|Any CPU
		{72C9C160-1057-4986-926F-D7159F4BF485}.Debug|x86.Build.0 = Debug|Any CPU
		{72C9C160-1057-4986-926F-D7159F4BF485}.Release|Any CPU.ActiveCfg = Release|Any CPU
		{72C9C160-1057-4986-926F-D7159F4BF485}.Release|Any CPU.Build.0 = Release|Any CPU
		{72C9C160-1057-4986-926F-D7159F4BF485}.Release|x64.ActiveCfg = Release|Any CPU
		{72C9C160-1057-4986-926F-D7159F4BF485}.Release|x64.Build.0 = Release|Any CPU
		{72C9C160-1057-4986-926F-D7159F4BF485}.Release|x86.ActiveCfg = Release|Any CPU
		{72C9C160-1057-4986-926F-D7159F4BF485}.Release|x86.Build.0 = Release|Any CPU
		{2BD48F84-A784-480A-96F1-2BCF718BD93A}.Debug|Any CPU.ActiveCfg = Debug|Any CPU
		{2BD48F84-A784-480A-96F1-2BCF718BD93A}.Debug|Any CPU.Build.0 = Debug|Any CPU
		{2BD48F84-A784-480A-96F1-2BCF718BD93A}.Debug|x64.ActiveCfg = Debug|Any CPU
		{2BD48F84-A784-480A-96F1-2BCF718BD93A}.Debug|x64.Build.0 = Debug|Any CPU
		{2BD48F84-A784-480A-96F1-2BCF718BD93A}.Debug|x86.ActiveCfg = Debug|Any CPU
		{2BD48F84-A784-480A-96F1-2BCF718BD93A}.Debug|x86.Build.0 = Debug|Any CPU
		{2BD48F84-A784-480A-96F1-2BCF718BD93A}.Release|Any CPU.ActiveCfg = Release|Any CPU
		{2BD48F84-A784-480A-96F1-2BCF718BD93A}.Release|Any CPU.Build.0 = Release|Any CPU
		{2BD48F84-A784-480A-96F1-2BCF718BD93A}.Release|x64.ActiveCfg = Release|Any CPU
		{2BD48F84-A784-480A-96F1-2BCF718BD93A}.Release|x64.Build.0 = Release|Any CPU
		{2BD48F84-A784-480A-96F1-2BCF718BD93A}.Release|x86.ActiveCfg = Release|Any CPU
		{2BD48F84-A784-480A-96F1-2BCF718BD93A}.Release|x86.Build.0 = Release|Any CPU
		{C8CA34EB-DBFB-4B20-841B-8B224FB0AD60}.Debug|Any CPU.ActiveCfg = Debug|Any CPU
		{C8CA34EB-DBFB-4B20-841B-8B224FB0AD60}.Debug|Any CPU.Build.0 = Debug|Any CPU
		{C8CA34EB-DBFB-4B20-841B-8B224FB0AD60}.Debug|x64.ActiveCfg = Debug|Any CPU
		{C8CA34EB-DBFB-4B20-841B-8B224FB0AD60}.Debug|x64.Build.0 = Debug|Any CPU
		{C8CA34EB-DBFB-4B20-841B-8B224FB0AD60}.Debug|x86.ActiveCfg = Debug|Any CPU
		{C8CA34EB-DBFB-4B20-841B-8B224FB0AD60}.Debug|x86.Build.0 = Debug|Any CPU
		{C8CA34EB-DBFB-4B20-841B-8B224FB0AD60}.Release|Any CPU.ActiveCfg = Release|Any CPU
		{C8CA34EB-DBFB-4B20-841B-8B224FB0AD60}.Release|Any CPU.Build.0 = Release|Any CPU
		{C8CA34EB-DBFB-4B20-841B-8B224FB0AD60}.Release|x64.ActiveCfg = Release|Any CPU
		{C8CA34EB-DBFB-4B20-841B-8B224FB0AD60}.Release|x64.Build.0 = Release|Any CPU
		{C8CA34EB-DBFB-4B20-841B-8B224FB0AD60}.Release|x86.ActiveCfg = Release|Any CPU
		{C8CA34EB-DBFB-4B20-841B-8B224FB0AD60}.Release|x86.Build.0 = Release|Any CPU
		{89092AE5-E08B-4F7D-BA3D-5D7A644BDD02}.Debug|Any CPU.ActiveCfg = Debug|Any CPU
		{89092AE5-E08B-4F7D-BA3D-5D7A644BDD02}.Debug|Any CPU.Build.0 = Debug|Any CPU
		{89092AE5-E08B-4F7D-BA3D-5D7A644BDD02}.Debug|x64.ActiveCfg = Debug|Any CPU
		{89092AE5-E08B-4F7D-BA3D-5D7A644BDD02}.Debug|x64.Build.0 = Debug|Any CPU
		{89092AE5-E08B-4F7D-BA3D-5D7A644BDD02}.Debug|x86.ActiveCfg = Debug|Any CPU
		{89092AE5-E08B-4F7D-BA3D-5D7A644BDD02}.Debug|x86.Build.0 = Debug|Any CPU
		{89092AE5-E08B-4F7D-BA3D-5D7A644BDD02}.Release|Any CPU.ActiveCfg = Release|Any CPU
		{89092AE5-E08B-4F7D-BA3D-5D7A644BDD02}.Release|Any CPU.Build.0 = Release|Any CPU
		{89092AE5-E08B-4F7D-BA3D-5D7A644BDD02}.Release|x64.ActiveCfg = Release|Any CPU
		{89092AE5-E08B-4F7D-BA3D-5D7A644BDD02}.Release|x64.Build.0 = Release|Any CPU
		{89092AE5-E08B-4F7D-BA3D-5D7A644BDD02}.Release|x86.ActiveCfg = Release|Any CPU
		{89092AE5-E08B-4F7D-BA3D-5D7A644BDD02}.Release|x86.Build.0 = Release|Any CPU
	EndGlobalSection
	GlobalSection(SolutionProperties) = preSolution
		HideSolutionNode = FALSE
	EndGlobalSection
	GlobalSection(ExtensibilityGlobals) = postSolution
		SolutionGuid = {2F9B48D3-283B-42CD-A16E-6EE2AE739997}
	EndGlobalSection
EndGlobal
